
Microsoft Visual Studio Solution File, Format Version 12.00
# Visual Studio Version 17
VisualStudioVersion = 17.9.34728.123
MinimumVisualStudioVersion = 10.0.40219.1
Project("{FAE04EC0-301F-11D3-BF4B-00C04F79EFBC}") = "Space Update", "Space Update\Space Update.csproj", "{441F78D6-D422-412B-ADF6-BE034A31B425}"
EndProject
Global
	GlobalSection(SolutionConfigurationPlatforms) = preSolution
		Debug|Any CPU = Debug|Any CPU
		Release|Any CPU = Release|Any CPU
	EndGlobalSection
	GlobalSection(ProjectConfigurationPlatforms) = postSolution
		{441F78D6-D422-412B-ADF6-BE034A31B425}.Debug|Any CPU.ActiveCfg = Debug|Any CPU
		{441F78D6-D422-412B-ADF6-BE034A31B425}.Debug|Any CPU.Build.0 = Debug|Any CPU
		{441F78D6-D422-412B-ADF6-BE034A31B425}.Release|Any CPU.ActiveCfg = Release|Any CPU
		{441F78D6-D422-412B-ADF6-BE034A31B425}.Release|Any CPU.Build.0 = Release|Any CPU
	EndGlobalSection
	GlobalSection(SolutionProperties) = preSolution
		HideSolutionNode = FALSE
	EndGlobalSection
	GlobalSection(ExtensibilityGlobals) = postSolution
		SolutionGuid = {F131CE52-FB34-4989-A084-982289802EE7}
	EndGlobalSection
EndGlobal
